
Microsoft Visual Studio Solution File, Format Version 12.00
# Visual Studio 15
VisualStudioVersion = 15.0.27130.2027
MinimumVisualStudioVersion = 10.0.40219.1
Project("{9A19103F-16F7-4668-BE54-9A1E7A4F7556}") = "poc", "poc\poc.csproj", "{12CEBF5B-FD2A-4081-84EF-55C7415BE217}"
EndProject
Project("{E53339B2-1760-4266-BCC7-CA923CBCF16C}") = "docker-compose", "docker-compose.dcproj", "{F3F4030F-306D-4A63-8A9D-FD857C947E3C}"
EndProject
Global
	GlobalSection(SolutionConfigurationPlatforms) = preSolution
		Debug|Any CPU = Debug|Any CPU
		Release|Any CPU = Release|Any CPU
	EndGlobalSection
	GlobalSection(ProjectConfigurationPlatforms) = postSolution
		{12CEBF5B-FD2A-4081-84EF-55C7415BE217}.Debug|Any CPU.ActiveCfg = Debug|Any CPU
		{12CEBF5B-FD2A-4081-84EF-55C7415BE217}.Debug|Any CPU.Build.0 = Debug|Any CPU
		{12CEBF5B-FD2A-4081-84EF-55C7415BE217}.Release|Any CPU.ActiveCfg = Release|Any CPU
		{12CEBF5B-FD2A-4081-84EF-55C7415BE217}.Release|Any CPU.Build.0 = Release|Any CPU
		{F3F4030F-306D-4A63-8A9D-FD857C947E3C}.Debug|Any CPU.ActiveCfg = Debug|Any CPU
		{F3F4030F-306D-4A63-8A9D-FD857C947E3C}.Debug|Any CPU.Build.0 = Debug|Any CPU
		{F3F4030F-306D-4A63-8A9D-FD857C947E3C}.Release|Any CPU.ActiveCfg = Release|Any CPU
		{F3F4030F-306D-4A63-8A9D-FD857C947E3C}.Release|Any CPU.Build.0 = Release|Any CPU
	EndGlobalSection
	GlobalSection(SolutionProperties) = preSolution
		HideSolutionNode = FALSE
	EndGlobalSection
	GlobalSection(ExtensibilityGlobals) = postSolution
		SolutionGuid = {CAFEC384-0B6B-4354-9CD3-C163B27E9022}
	EndGlobalSection
EndGlobal
